{
  "name": "undo-manager-jit-tail",
  "version": "0.1.0",
  "lockfileVersion": 3,
  "requires": true,
  "packages": {
    "": {
      "name": "undo-manager-jit-tail",
      "version": "0.1.0",
      "license": "ISC",
      "dependencies": {
        "undo-manager": "^1.1.1"
      }
    },
    "node_modules/undo-manager": {
      "version": "1.1.1",
      "resolved": "https://registry.npmjs.org/undo-manager/-/undo-manager-1.1.1.tgz",
      "integrity": "sha512-2YitjSKYyYVJi4Gs5+uJmcju/tCPTJvSMSQxvXVRNjRzQPMYu0aX7TSevo8OV5dc+GrIzSlYU7fZsvta/T1cCw==",
      "license": "MIT"
    }
  }
}
